
Microsoft Visual Studio Solution File, Format Version 12.00
Project("{FAE04EC0-301F-11D3-BF4B-00C04F79EFBC}") = "QuestGame", "QuestGame\QuestGame.csproj", "{A39403BD-37CE-4911-8FF3-B16352E4A75E}"
EndProject
Global
	GlobalSection(SolutionConfigurationPlatforms) = preSolution
		Debug|Any CPU = Debug|Any CPU
		Release|Any CPU = Release|Any CPU
	EndGlobalSection
	GlobalSection(ProjectConfigurationPlatforms) = postSolution
		{A39403BD-37CE-4911-8FF3-B16352E4A75E}.Debug|Any CPU.ActiveCfg = Debug|Any CPU
		{A39403BD-37CE-4911-8FF3-B16352E4A75E}.Debug|Any CPU.Build.0 = Debug|Any CPU
		{A39403BD-37CE-4911-8FF3-B16352E4A75E}.Release|Any CPU.ActiveCfg = Release|Any CPU
		{A39403BD-37CE-4911-8FF3-B16352E4A75E}.Release|Any CPU.Build.0 = Release|Any CPU
	EndGlobalSection
EndGlobal
